
Microsoft Visual Studio Solution File, Format Version 12.00
# Visual Studio Version 17
VisualStudioVersion = 17.5.002.0
MinimumVisualStudioVersion = 10.0.40219.1
Project("{9A19103F-16F7-4668-BE54-9A1E7A4F7556}") = "FirstFebMVC", "FirstWebMVC\FirstFebMVC.csproj", "{CA87A59F-C565-4C60-B94B-FE20A152209D}"
EndProject
Project("{9A19103F-16F7-4668-BE54-9A1E7A4F7556}") = "NewApp", "NewApp\NewApp.csproj", "{CFFEC1B0-9A61-4B9D-B779-6250B65EC09D}"
EndProject
Global
	GlobalSection(SolutionConfigurationPlatforms) = preSolution
		Debug|Any CPU = Debug|Any CPU
		Release|Any CPU = Release|Any CPU
	EndGlobalSection
	GlobalSection(ProjectConfigurationPlatforms) = postSolution
		{CA87A59F-C565-4C60-B94B-FE20A152209D}.Debug|Any CPU.ActiveCfg = Debug|Any CPU
		{CA87A59F-C565-4C60-B94B-FE20A152209D}.Debug|Any CPU.Build.0 = Debug|Any CPU
		{CA87A59F-C565-4C60-B94B-FE20A152209D}.Release|Any CPU.ActiveCfg = Release|Any CPU
		{CA87A59F-C565-4C60-B94B-FE20A152209D}.Release|Any CPU.Build.0 = Release|Any CPU
		{CFFEC1B0-9A61-4B9D-B779-6250B65EC09D}.Debug|Any CPU.ActiveCfg = Debug|Any CPU
		{CFFEC1B0-9A61-4B9D-B779-6250B65EC09D}.Debug|Any CPU.Build.0 = Debug|Any CPU
		{CFFEC1B0-9A61-4B9D-B779-6250B65EC09D}.Release|Any CPU.ActiveCfg = Release|Any CPU
		{CFFEC1B0-9A61-4B9D-B779-6250B65EC09D}.Release|Any CPU.Build.0 = Release|Any CPU
	EndGlobalSection
	GlobalSection(SolutionProperties) = preSolution
		HideSolutionNode = FALSE
	EndGlobalSection
	GlobalSection(ExtensibilityGlobals) = postSolution
		SolutionGuid = {6244BB4B-7082-4D01-850F-BE7A6FD955CC}
	EndGlobalSection
EndGlobal
